
Microsoft Visual Studio Solution File, Format Version 12.00
# Visual Studio for Mac
Project("{FAE04EC0-301F-11D3-BF4B-00C04F79EFBC}") = "shaderDemos", "Assembly-CSharp.csproj", "{FECA21C9-510C-5252-17AC-3DA3327EAAAC}"
EndProject
Global
	GlobalSection(SolutionConfigurationPlatforms) = preSolution
		Debug|Any CPU = Debug|Any CPU
		Release|Any CPU = Release|Any CPU
	EndGlobalSection
	GlobalSection(ProjectConfigurationPlatforms) = postSolution
		{FECA21C9-510C-5252-17AC-3DA3327EAAAC}.Debug|Any CPU.ActiveCfg = Debug|Any CPU
		{FECA21C9-510C-5252-17AC-3DA3327EAAAC}.Debug|Any CPU.Build.0 = Debug|Any CPU
		{FECA21C9-510C-5252-17AC-3DA3327EAAAC}.Release|Any CPU.ActiveCfg = Release|Any CPU
		{FECA21C9-510C-5252-17AC-3DA3327EAAAC}.Release|Any CPU.Build.0 = Release|Any CPU
	EndGlobalSection
	GlobalSection(SolutionProperties) = preSolution
		HideSolutionNode = FALSE
	EndGlobalSection
EndGlobal
